{
	"name": "@atee/overriding",
	"lockfileVersion": 3,
	"requires": true,
	"packages": {
		"": {
			"name": "@atee/overriding",
			"dependencies": {
				"file-icon-vectors": "^1"
			}
		},
		"node_modules/file-icon-vectors": {
			"version": "1.0.0",
			"resolved": "https://registry.npmjs.org/file-icon-vectors/-/file-icon-vectors-1.0.0.tgz",
			"integrity": "sha512-me+C0t1IU+ggE31CpZNImXID8HV8/eD4eO8go4RwLLZdMaIFr25x23m1xmzYBZH3r/FxyMbbQkD0SNGnRC4meg==",
			"license": "MIT"
		}
	}
}
