{
  "name": "@atee/mail",
  "version": "1.0.1",
  "lockfileVersion": 3,
  "requires": true,
  "packages": {
    "": {
      "name": "@atee/mail",
      "version": "1.0.1",
      "license": "ISC",
      "dependencies": {
        "@atee/config": "https://gitpkg.now.sh/akiyatkin/atee/config?main",
        "@atee/csv": "https://gitpkg.now.sh/akiyatkin/atee/csv?main",
        "nodemailer": "^6.7.5"
      }
    },
    "node_modules/@atee/config": {
      "version": "1.0.0",
      "resolved": "https://gitpkg.now.sh/akiyatkin/atee/config?main",
      "integrity": "sha512-t6lxjiVyEHedvMMFwuVeRjdgG1x35q/BOQsDxbPpepxv4T/nnNAlBHUPyspiPMV5mLTBJ/baJr0OlH6DXjq+mg==",
      "license": "ISC"
    },
    "node_modules/@atee/cproc": {
      "version": "1.0.0",
      "resolved": "https://gitpkg.now.sh/akiyatkin/atee/cproc?main",
      "integrity": "sha512-ujALWaee3CT+n2Kx5sjr0bJhtupynYJTUZ1n1vQreGvbjAWqPXE/c0QQz6cq1+TqqSzZRnW8JXuwo+OGY9muIg==",
      "license": "ISC"
    },
    "node_modules/@atee/csv": {
      "version": "1.0.0",
      "resolved": "https://gitpkg.now.sh/akiyatkin/atee/csv?main",
      "integrity": "sha512-EGA66iQ2bKGtvoluZWi0hmaixxpL2p4euIVSwqGqlqy+rZYqKfduu9uc/wqPYfG+WnZVGEsovpwcZn/od0/feg==",
      "license": "ISC",
      "dependencies": {
        "@atee/cproc": "https://gitpkg.now.sh/akiyatkin/atee/cproc?main"
      }
    },
    "node_modules/nodemailer": {
      "version": "6.7.5",
      "resolved": "https://registry.npmjs.org/nodemailer/-/nodemailer-6.7.5.tgz",
      "integrity": "sha512-6VtMpwhsrixq1HDYSBBHvW0GwiWawE75dS3oal48VqRhUvKJNnKnJo2RI/bCVQubj1vgrgscMNW4DHaD6xtMCg==",
      "engines": {
        "node": ">=6.0.0"
      }
    }
  }
}
